
Microsoft Visual Studio Solution File, Format Version 12.00
# Visual Studio 15
VisualStudioVersion = 15.0.27130.2010
MinimumVisualStudioVersion = 10.0.40219.1
Project("{888888A0-9F3D-457C-B088-3A5042F75D52}") = "CNTKObjDetection", "CNTKObjDetection.pyproj", "{B9BDDB2A-A7FF-43B6-993D-D6292EE57780}"
EndProject
Global
	GlobalSection(SolutionConfigurationPlatforms) = preSolution
		Debug|Any CPU = Debug|Any CPU
		Release|Any CPU = Release|Any CPU
	EndGlobalSection
	GlobalSection(ProjectConfigurationPlatforms) = postSolution
		{B9BDDB2A-A7FF-43B6-993D-D6292EE57780}.Debug|Any CPU.ActiveCfg = Debug|Any CPU
		{B9BDDB2A-A7FF-43B6-993D-D6292EE57780}.Release|Any CPU.ActiveCfg = Release|Any CPU
	EndGlobalSection
	GlobalSection(SolutionProperties) = preSolution
		HideSolutionNode = FALSE
	EndGlobalSection
	GlobalSection(ExtensibilityGlobals) = postSolution
		SolutionGuid = {0C2BDC7E-CDE0-47FA-BFB8-28F702C7C7CC}
	EndGlobalSection
EndGlobal
